
Microsoft Visual Studio Solution File, Format Version 12.00
# Visual Studio Version 17
VisualStudioVersion = 17.14.36212.18
MinimumVisualStudioVersion = 10.0.40219.1
Project("{FAE04EC0-301F-11D3-BF4B-00C04F79EFBC}") = "ColorIC Inspector", "ColorIC Inspector.csproj", "{7A188219-333F-4214-B3C0-2BEB074BEFCD}"
EndProject
Project("{2150E333-8FDC-42A3-9474-1A3956D46DE8}") = "Assets", "Assets", "{02EA681E-C7D8-13C7-8484-4AC65E1B71E8}"
EndProject
Project("{2150E333-8FDC-42A3-9474-1A3956D46DE8}") = "components", "components", "{8D8267EE-28DF-4B2F-8FE3-BFD653BFC6C3}"
	ProjectSection(SolutionItems) = preProject
		CameraService.cs = CameraService.cs
		SettingTabs.cs = SettingTabs.cs
	EndProjectSection
EndProject
Project("{2150E333-8FDC-42A3-9474-1A3956D46DE8}") = "store", "store", "{AEB706CA-28EC-4561-8D71-421CC2927BA5}"
EndProject
Project("{2150E333-8FDC-42A3-9474-1A3956D46DE8}") = "Icon", "Icon", "{9F48DF71-9417-4EB9-88B7-DCED214ADB24}"
	ProjectSection(SolutionItems) = preProject
		icons8-chip-32.png = icons8-chip-32.png
		icons8-delete-trash-50.png = icons8-delete-trash-50.png
		icons8-ic-50.png = icons8-ic-50.png
		icons8-menu-50.png = icons8-menu-50.png
		icons8-setting-100.png = icons8-setting-100.png
		icons8-setting-50.png = icons8-setting-50.png
	EndProjectSection
EndProject
Global
	GlobalSection(SolutionConfigurationPlatforms) = preSolution
		Debug|Any CPU = Debug|Any CPU
		Release|Any CPU = Release|Any CPU
	EndGlobalSection
	GlobalSection(ProjectConfigurationPlatforms) = postSolution
		{7A188219-333F-4214-B3C0-2BEB074BEFCD}.Debug|Any CPU.ActiveCfg = Debug|Any CPU
		{7A188219-333F-4214-B3C0-2BEB074BEFCD}.Debug|Any CPU.Build.0 = Debug|Any CPU
		{7A188219-333F-4214-B3C0-2BEB074BEFCD}.Release|Any CPU.ActiveCfg = Release|Any CPU
		{7A188219-333F-4214-B3C0-2BEB074BEFCD}.Release|Any CPU.Build.0 = Release|Any CPU
	EndGlobalSection
	GlobalSection(SolutionProperties) = preSolution
		HideSolutionNode = FALSE
	EndGlobalSection
	GlobalSection(ExtensibilityGlobals) = postSolution
		SolutionGuid = {2785A2E0-C71A-4823-9E05-A60C97460629}
	EndGlobalSection
EndGlobal
